// !$*UTF8*$!
{
	archiveVersion = 1;
	classes = {
	};
	objectVersion = 46;
	objects = {

/* Begin PBXBuildFile section */
		38B298AA1AD94A4F000CE2F2 /* AppDelegate.swift in Sources */ = {isa = PBXBuildFile; fileRef = 38B298A91AD94A4F000CE2F2 /* AppDelegate.swift */; };
		38B298AC1AD94A4F000CE2F2 /* ViewController.swift in Sources */ = {isa = PBXBuildFile; fileRef = 38B298AB1AD94A4F000CE2F2 /* ViewController.swift */; };
		38B298AF1AD94A4F000CE2F2 /* Main.storyboard in Resources */ = {isa = PBXBuildFile; fileRef = 38B298AD1AD94A4F000CE2F2 /* Main.storyboard */; };
		38B298B11AD94A4F000CE2F2 /* Images.xcassets in Resources */ = {isa = PBXBuildFile; fileRef = 38B298B01AD94A4F000CE2F2 /* Images.xcassets */; };
		38B298B41AD94A4F000CE2F2 /* LaunchScreen.xib in Resources */ = {isa = PBXBuildFile; fileRef = 38B298B21AD94A4F000CE2F2 /* LaunchScreen.xib */; };
		38B298C01AD94A4F000CE2F2 /* ClickCounterTests.swift in Sources */ = {isa = PBXBuildFile; fileRef = 38B298BF1AD94A4F000CE2F2 /* ClickCounterTests.swift */; };
/* End PBXBuildFile section */

/* Begin PBXContainerItemProxy section */
		38B298BA1AD94A4F000CE2F2 /* PBXContainerItemProxy */ = {
			isa = PBXContainerItemProxy;
			containerPortal = 38B2989C1AD94A4F000CE2F2 /* Project object */;
			proxyType = 1;
			remoteGlobalIDString = 38B298A31AD94A4F000CE2F2;
			remoteInfo = ClickCounter;
		};
/* End PBXContainerItemProxy section */

/* Begin PBXFileReference section */
		38B298A41AD94A4F000CE2F2 /* ClickCounter.app */ = {isa = PBXFileReference; explicitFileType = wrapper.application; includeInIndex = 0; path = ClickCounter.app; sourceTree = BUILT_PRODUCTS_DIR; };
		38B298A81AD94A4F000CE2F2 /* Info.plist */ = {isa = PBXFileReference; lastKnownFileType = text.plist.xml; path = Info.plist; sourceTree = "<group>"; };
		38B298A91AD94A4F000CE2F2 /* AppDelegate.swift */ = {isa = PBXFileReference; lastKnownFileType = sourcecode.swift; path = AppDelegate.swift; sourceTree = "<group>"; };
		38B298AB1AD94A4F000CE2F2 /* ViewController.swift */ = {isa = PBXFileReference; lastKnownFileType = sourcecode.swift; path = ViewController.swift; sourceTree = "<group>"; };
		38B298AE1AD94A4F000CE2F2 /* Base */ = {isa = PBXFileReference; lastKnownFileType = file.storyboard; name = Base; path = Base.lproj/Main.storyboard; sourceTree = "<group>"; };
		38B298B01AD94A4F000CE2F2 /* Images.xcassets */ = {isa = PBXFileReference; lastKnownFileType = folder.assetcatalog; path = Images.xcassets; sourceTree = "<group>"; };
		38B298B31AD94A4F000CE2F2 /* Base */ = {isa = PBXFileReference; lastKnownFileType = file.xib; name = Base; path = Base.lproj/LaunchScreen.xib; sourceTree = "<group>"; };
		38B298B91AD94A4F000CE2F2 /* ClickCounterTests.xctest */ = {isa = PBXFileReference; explicitFileType = wrapper.cfbundle; includeInIndex = 0; path = ClickCounterTests.xctest; sourceTree = BUILT_PRODUCTS_DIR; };
		38B298BE1AD94A4F000CE2F2 /* Info.plist */ = {isa = PBXFileReference; lastKnownFileType = text.plist.xml; path = Info.plist; sourceTree = "<group>"; };
		38B298BF1AD94A4F000CE2F2 /* ClickCounterTests.swift */ = {isa = PBXFileReference; lastKnownFileType = sourcecode.swift; path = ClickCounterTests.swift; sourceTree = "<group>"; };
/* End PBXFileReference section */

/* Begin PBXFrameworksBuildPhase section */
		38B298A11AD94A4F000CE2F2 /* Frameworks */ = {
			isa = PBXFrameworksBuildPhase;
			buildActionMask = 2147483647;
			files = (
			);
			runOnlyForDeploymentPostprocessing = 0;
		};
		38B298B61AD94A4F000CE2F2 /* Frameworks */ = {
			isa = PBXFrameworksBuildPhase;
			buildActionMask = 2147483647;
			files = (
			);
			runOnlyForDeploymentPostprocessing = 0;
		};
/* End PBXFrameworksBuildPhase section */

/* Begin PBXGroup section */
		38B2989B1AD94A4F000CE2F2 = {
			isa = PBXGroup;
			children = (
				38B298A61AD94A4F000CE2F2 /* ClickCounter */,
				38B298BC1AD94A4F000CE2F2 /* ClickCounterTests */,
				38B298A51AD94A4F000CE2F2 /* Products */,
			);
			sourceTree = "<group>";
		};
		38B298A51AD94A4F000CE2F2 /* Products */ = {
			isa = PBXGroup;
			children = (
				38B298A41AD94A4F000CE2F2 /* ClickCounter.app */,
				38B298B91AD94A4F000CE2F2 /* ClickCounterTests.xctest */,
			);
			name = Products;
			sourceTree = "<group>";
		};
		38B298A61AD94A4F000CE2F2 /* ClickCounter */ = {
			isa = PBXGroup;
			children = (
				38B298A91AD94A4F000CE2F2 /* AppDelegate.swift */,
				38B298AB1AD94A4F000CE2F2 /* ViewController.swift */,
				38B298AD1AD94A4F000CE2F2 /* Main.storyboard */,
				38B298B01AD94A4F000CE2F2 /* Images.xcassets */,
				38B298B21AD94A4F000CE2F2 /* LaunchScreen.xib */,
				38B298A71AD94A4F000CE2F2 /* Supporting Files */,
			);
			path = ClickCounter;
			sourceTree = "<group>";
		};
		38B298A71AD94A4F000CE2F2 /* Supporting Files */ = {
			isa = PBXGroup;
			children = (
				38B298A81AD94A4F000CE2F2 /* Info.plist */,
			);
			name = "Supporting Files";
			sourceTree = "<group>";
		};
		38B298BC1AD94A4F000CE2F2 /* ClickCounterTests */ = {
			isa = PBXGroup;
			children = (
				38B298BF1AD94A4F000CE2F2 /* ClickCounterTests.swift */,
				38B298BD1AD94A4F000CE2F2 /* Supporting Files */,
			);
			path = ClickCounterTests;
			sourceTree = "<group>";
		};
		38B298BD1AD94A4F000CE2F2 /* Supporting Files */ = {
			isa = PBXGroup;
			children = (
				38B298BE1AD94A4F000CE2F2 /* Info.plist */,
			);
			name = "Supporting Files";
			sourceTree = "<group>";
		};
/* End PBXGroup section */

/* Begin PBXNativeTarget section */
		38B298A31AD94A4F000CE2F2 /* ClickCounter */ = {
			isa = PBXNativeTarget;
			buildConfigurationList = 38B298C31AD94A4F000CE2F2 /* Build configuration list for PBXNativeTarget "ClickCounter" */;
			buildPhases = (
				38B298A01AD94A4F000CE2F2 /* Sources */,
				38B298A11AD94A4F000CE2F2 /* Frameworks */,
				38B298A21AD94A4F000CE2F2 /* Resources */,
			);
			buildRules = (
			);
			dependencies = (
			);
			name = ClickCounter;
			productName = ClickCounter;
			productReference = 38B298A41AD94A4F000CE2F2 /* ClickCounter.app */;
			productType = "com.apple.product-type.application";
		};
		38B298B81AD94A4F000CE2F2 /* ClickCounterTests */ = {
			isa = PBXNativeTarget;
			buildConfigurationList = 38B298C61AD94A4F000CE2F2 /* Build configuration list for PBXNativeTarget "ClickCounterTests" */;
			buildPhases = (
				38B298B51AD94A4F000CE2F2 /* Sources */,
				38B298B61AD94A4F000CE2F2 /* Frameworks */,
				38B298B71AD94A4F000CE2F2 /* Resources */,
			);
			buildRules = (
			);
			dependencies = (
				38B298BB1AD94A4F000CE2F2 /* PBXTargetDependency */,
			);
			name = ClickCounterTests;
			productName = ClickCounterTests;
			productReference = 38B298B91AD94A4F000CE2F2 /* ClickCounterTests.xctest */;
			productType = "com.apple.product-type.bundle.unit-test";
		};
/* End PBXNativeTarget section */

/* Begin PBXProject section */
		38B2989C1AD94A4F000CE2F2 /* Project object */ = {
			isa = PBXProject;
			attributes = {
				LastUpgradeCheck = 0630;
				ORGANIZATIONNAME = jason;
				TargetAttributes = {
					38B298A31AD94A4F000CE2F2 = {
						CreatedOnToolsVersion = 6.3;
					};
					38B298B81AD94A4F000CE2F2 = {
						CreatedOnToolsVersion = 6.3;
						TestTargetID = 38B298A31AD94A4F000CE2F2;
					};
				};
			};
			buildConfigurationList = 38B2989F1AD94A4F000CE2F2 /* Build configuration list for PBXProject "ClickCounter" */;
			compatibilityVersion = "Xcode 3.2";
			developmentRegion = English;
			hasScannedForEncodings = 0;
			knownRegions = (
				en,
				Base,
			);
			mainGroup = 38B2989B1AD94A4F000CE2F2;
			productRefGroup = 38B298A51AD94A4F000CE2F2 /* Products */;
			projectDirPath = "";
			projectRoot = "";
			targets = (
				38B298A31AD94A4F000CE2F2 /* ClickCounter */,
				38B298B81AD94A4F000CE2F2 /* ClickCounterTests */,
			);
		};
/* End PBXProject section */

/* Begin PBXResourcesBuildPhase section */
		38B298A21AD94A4F000CE2F2 /* Resources */ = {
			isa = PBXResourcesBuildPhase;
			buildActionMask = 2147483647;
			files = (
				38B298AF1AD94A4F000CE2F2 /* Main.storyboard in Resources */,
				38B298B41AD94A4F000CE2F2 /* LaunchScreen.xib in Resources */,
				38B298B11AD94A4F000CE2F2 /* Images.xcassets in Resources */,
			);
			runOnlyForDeploymentPostprocessing = 0;
		};
		38B298B71AD94A4F000CE2F2 /* Resources */ = {
			isa = PBXResourcesBuildPhase;
			buildActionMask = 2147483647;
			files = (
			);
			runOnlyForDeploymentPostprocessing = 0;
		};
/* End PBXResourcesBuildPhase section */

/* Begin PBXSourcesBuildPhase section */
		38B298A01AD94A4F000CE2F2 /* Sources */ = {
			isa = PBXSourcesBuildPhase;
			buildActionMask = 2147483647;
			files = (
				38B298AC1AD94A4F000CE2F2 /* ViewController.swift in Sources */,
				38B298AA1AD94A4F000CE2F2 /* AppDelegate.swift in Sources */,
			);
			runOnlyForDeploymentPostprocessing = 0;
		};
		38B298B51AD94A4F000CE2F2 /* Sources */ = {
			isa = PBXSourcesBuildPhase;
			buildActionMask = 2147483647;
			files = (
				38B298C01AD94A4F000CE2F2 /* ClickCounterTests.swift in Sources */,
			);
			runOnlyForDeploymentPostprocessing = 0;
		};
/* End PBXSourcesBuildPhase section */

/* Begin PBXTargetDependency section */
		38B298BB1AD94A4F000CE2F2 /* PBXTargetDependency */ = {
			isa = PBXTargetDependency;
			target = 38B298A31AD94A4F000CE2F2 /* ClickCounter */;
			targetProxy = 38B298BA1AD94A4F000CE2F2 /* PBXContainerItemProxy */;
		};
/* End PBXTargetDependency section */

/* Begin PBXVariantGroup section */
		38B298AD1AD94A4F000CE2F2 /* Main.storyboard */ = {
			isa = PBXVariantGroup;
			children = (
				38B298AE1AD94A4F000CE2F2 /* Base */,
			);
			name = Main.storyboard;
			sourceTree = "<group>";
		};
		38B298B21AD94A4F000CE2F2 /* LaunchScreen.xib */ = {
			isa = PBXVariantGroup;
			children = (
				38B298B31AD94A4F000CE2F2 /* Base */,
			);
			name = LaunchScreen.xib;
			sourceTree = "<group>";
		};
/* End PBXVariantGroup section */

/* Begin XCBuildConfiguration section */
		38B298C11AD94A4F000CE2F2 /* Debug */ = {
			isa = XCBuildConfiguration;
			buildSettings = {
				ALWAYS_SEARCH_USER_PATHS = NO;
				CLANG_CXX_LANGUAGE_STANDARD = "gnu++0x";
				CLANG_CXX_LIBRARY = "libc++";
				CLANG_ENABLE_MODULES = YES;
				CLANG_ENABLE_OBJC_ARC = YES;
				CLANG_WARN_BOOL_CONVERSION = YES;
				CLANG_WARN_CONSTANT_CONVERSION = YES;
				CLANG_WARN_DIRECT_OBJC_ISA_USAGE = YES_ERROR;
				CLANG_WARN_EMPTY_BODY = YES;
				CLANG_WARN_ENUM_CONVERSION = YES;
				CLANG_WARN_INT_CONVERSION = YES;
				CLANG_WARN_OBJC_ROOT_CLASS = YES_ERROR;
				CLANG_WARN_UNREACHABLE_CODE = YES;
				CLANG_WARN__DUPLICATE_METHOD_MATCH = YES;
				"CODE_SIGN_IDENTITY[sdk=iphoneos*]" = "iPhone Developer";
				COPY_PHASE_STRIP = NO;
				DEBUG_INFORMATION_FORMAT = "dwarf-with-dsym";
				ENABLE_STRICT_OBJC_MSGSEND = YES;
				GCC_C_LANGUAGE_STANDARD = gnu99;
				GCC_DYNAMIC_NO_PIC = NO;
				GCC_NO_COMMON_BLOCKS = YES;
				GCC_OPTIMIZATION_LEVEL = 0;
				GCC_PREPROCESSOR_DEFINITIONS = (
					"DEBUG=1",
					"$(inherited)",
				);
				GCC_SYMBOLS_PRIVATE_EXTERN = NO;
				GCC_WARN_64_TO_32_BIT_CONVERSION = YES;
				GCC_WARN_ABOUT_RETURN_TYPE = YES_ERROR;
				GCC_WARN_UNDECLARED_SELECTOR = YES;
				GCC_WARN_UNINITIALIZED_AUTOS = YES_AGGRESSIVE;
				GCC_WARN_UNUSED_FUNCTION = YES;
				GCC_WARN_UNUSED_VARIABLE = YES;
				IPHONEOS_DEPLOYMENT_TARGET = 8.3;
				MTL_ENABLE_DEBUG_INFO = YES;
				ONLY_ACTIVE_ARCH = YES;
				SDKROOT = iphoneos;
				SWIFT_OPTIMIZATION_LEVEL = "-Onone";
			};
			name = Debug;
		};
		38B298C21AD94A4F000CE2F2 /* Release */ = {
			isa = XCBuildConfiguration;
			buildSettings = {
				ALWAYS_SEARCH_USER_PATHS = NO;
				CLANG_CXX_LANGUAGE_STANDARD = "gnu++0x";
				CLANG_CXX_LIBRARY = "libc++";
				CLANG_ENABLE_MODULES = YES;
				CLANG_ENABLE_OBJC_ARC = YES;
				CLANG_WARN_BOOL_CONVERSION = YES;
				CLANG_WARN_CONSTANT_CONVERSION = YES;
				CLANG_WARN_DIRECT_OBJC_ISA_USAGE = YES_ERROR;
				CLANG_WARN_EMPTY_BODY = YES;
				CLANG_WARN_ENUM_CONVERSION = YES;
				CLANG_WARN_INT_CONVERSION = YES;
				CLANG_WARN_OBJC_ROOT_CLASS = YES_ERROR;
				CLANG_WARN_UNREACHABLE_CODE = YES;
				CLANG_WARN__DUPLICATE_METHOD_MATCH = YES;
				"CODE_SIGN_IDENTITY[sdk=iphoneos*]" = "iPhone Developer";
				COPY_PHASE_STRIP = NO;
				DEBUG_INFORMATION_FORMAT = "dwarf-with-dsym";
				ENABLE_NS_ASSERTIONS = NO;
				ENABLE_STRICT_OBJC_MSGSEND = YES;
				GCC_C_LANGUAGE_STANDARD = gnu99;
				GCC_NO_COMMON_BLOCKS = YES;
				GCC_WARN_64_TO_32_BIT_CONVERSION = YES;
				GCC_WARN_ABOUT_RETURN_TYPE = YES_ERROR;
				GCC_WARN_UNDECLARED_SELECTOR = YES;
				GCC_WARN_UNINITIALIZED_AUTOS = YES_AGGRESSIVE;
				GCC_WARN_UNUSED_FUNCTION = YES;
				GCC_WARN_UNUSED_VARIABLE = YES;
				IPHONEOS_DEPLOYMENT_TARGET = 8.3;
				MTL_ENABLE_DEBUG_INFO = NO;
				SDKROOT = iphoneos;
				VALIDATE_PRODUCT = YES;
			};
			name = Release;
		};
		38B298C41AD94A4F000CE2F2 /* Debug */ = {
			isa = XCBuildConfiguration;
			buildSettings = {
				ASSETCATALOG_COMPILER_APPICON_NAME = AppIcon;
				INFOPLIST_FILE = ClickCounter/Info.plist;
				LD_RUNPATH_SEARCH_PATHS = "$(inherited) @executable_path/Frameworks";
				PRODUCT_NAME = "$(TARGET_NAME)";
			};
			name = Debug;
		};
		38B298C51AD94A4F000CE2F2 /* Release */ = {
			isa = XCBuildConfiguration;
			buildSettings = {
				ASSETCATALOG_COMPILER_APPICON_NAME = AppIcon;
				INFOPLIST_FILE = ClickCounter/Info.plist;
				LD_RUNPATH_SEARCH_PATHS = "$(inherited) @executable_path/Frameworks";
				PRODUCT_NAME = "$(TARGET_NAME)";
			};
			name = Release;
		};
		38B298C71AD94A4F000CE2F2 /* Debug */ = {
			isa = XCBuildConfiguration;
			buildSettings = {
				BUNDLE_LOADER = "$(TEST_HOST)";
				FRAMEWORK_SEARCH_PATHS = (
					"$(SDKROOT)/Developer/Library/Frameworks",
					"$(inherited)",
				);
				GCC_PREPROCESSOR_DEFINITIONS = (
					"DEBUG=1",
					"$(inherited)",
				);
				INFOPLIST_FILE = ClickCounterTests/Info.plist;
				LD_RUNPATH_SEARCH_PATHS = "$(inherited) @executable_path/Frameworks @loader_path/Frameworks";
				PRODUCT_NAME = "$(TARGET_NAME)";
				TEST_HOST = "$(BUILT_PRODUCTS_DIR)/ClickCounter.app/ClickCounter";
			};
			name = Debug;
		};
		38B298C81AD94A4F000CE2F2 /* Release */ = {
			isa = XCBuildConfiguration;
			buildSettings = {
				BUNDLE_LOADER = "$(TEST_HOST)";
				FRAMEWORK_SEARCH_PATHS = (
					"$(SDKROOT)/Developer/Library/Frameworks",
					"$(inherited)",
				);
				INFOPLIST_FILE = ClickCounterTests/Info.plist;
				LD_RUNPATH_SEARCH_PATHS = "$(inherited) @executable_path/Frameworks @loader_path/Frameworks";
				PRODUCT_NAME = "$(TARGET_NAME)";
				TEST_HOST = "$(BUILT_PRODUCTS_DIR)/ClickCounter.app/ClickCounter";
			};
			name = Release;
		};
/* End XCBuildConfiguration section */

/* Begin XCConfigurationList section */
		38B2989F1AD94A4F000CE2F2 /* Build configuration list for PBXProject "ClickCounter" */ = {
			isa = XCConfigurationList;
			buildConfigurations = (
				38B298C11AD94A4F000CE2F2 /* Debug */,
				38B298C21AD94A4F000CE2F2 /* Release */,
			);
			defaultConfigurationIsVisible = 0;
			defaultConfigurationName = Release;
		};
		38B298C31AD94A4F000CE2F2 /* Build configuration list for PBXNativeTarget "ClickCounter" */ = {
			isa = XCConfigurationList;
			buildConfigurations = (
				38B298C41AD94A4F000CE2F2 /* Debug */,
				38B298C51AD94A4F000CE2F2 /* Release */,
			);
			defaultConfigurationIsVisible = 0;
		};
		38B298C61AD94A4F000CE2F2 /* Build configuration list for PBXNativeTarget "ClickCounterTests" */ = {
			isa = XCConfigurationList;
			buildConfigurations = (
				38B298C71AD94A4F000CE2F2 /* Debug */,
				38B298C81AD94A4F000CE2F2 /* Release */,
			);
			defaultConfigurationIsVisible = 0;
		};
/* End XCConfigurationList section */
	};
	rootObject = 38B2989C1AD94A4F000CE2F2 /* Project object */;
}
